
Microsoft Visual Studio Solution File, Format Version 12.00
# Visual Studio Version 17
VisualStudioVersion = 17.6.33801.468
MinimumVisualStudioVersion = 10.0.40219.1
Project("{FAE04EC0-301F-11D3-BF4B-00C04F79EFBC}") = "FIT5032_MyCodeSnippet", "FIT5032_MyCodeSnippet\FIT5032_MyCodeSnippet.csproj", "{7FD03FDE-06A3-4224-9A7C-1DBB69E4299E}"
EndProject
Global
	GlobalSection(SolutionConfigurationPlatforms) = preSolution
		Debug|Any CPU = Debug|Any CPU
		Release|Any CPU = Release|Any CPU
	EndGlobalSection
	GlobalSection(ProjectConfigurationPlatforms) = postSolution
		{7FD03FDE-06A3-4224-9A7C-1DBB69E4299E}.Debug|Any CPU.ActiveCfg = Debug|Any CPU
		{7FD03FDE-06A3-4224-9A7C-1DBB69E4299E}.Debug|Any CPU.Build.0 = Debug|Any CPU
		{7FD03FDE-06A3-4224-9A7C-1DBB69E4299E}.Release|Any CPU.ActiveCfg = Release|Any CPU
		{7FD03FDE-06A3-4224-9A7C-1DBB69E4299E}.Release|Any CPU.Build.0 = Release|Any CPU
	EndGlobalSection
	GlobalSection(SolutionProperties) = preSolution
		HideSolutionNode = FALSE
	EndGlobalSection
	GlobalSection(ExtensibilityGlobals) = postSolution
		SolutionGuid = {52D5E75B-09E5-4292-AC73-5579631874FB}
	EndGlobalSection
EndGlobal
